
Microsoft Visual Studio Solution File, Format Version 12.00
# Visual Studio Version 17
VisualStudioVersion = 17.7.34221.43
MinimumVisualStudioVersion = 10.0.40219.1
Project("{FAE04EC0-301F-11D3-BF4B-00C04F79EFBC}") = "LoginForm", "LoginForm\LoginForm.csproj", "{0B808D20-83CC-4FBE-829E-BF0E929AA7C1}"
EndProject
Global
	GlobalSection(SolutionConfigurationPlatforms) = preSolution
		Debug|Any CPU = Debug|Any CPU
		Release|Any CPU = Release|Any CPU
	EndGlobalSection
	GlobalSection(ProjectConfigurationPlatforms) = postSolution
		{0B808D20-83CC-4FBE-829E-BF0E929AA7C1}.Debug|Any CPU.ActiveCfg = Debug|Any CPU
		{0B808D20-83CC-4FBE-829E-BF0E929AA7C1}.Debug|Any CPU.Build.0 = Debug|Any CPU
		{0B808D20-83CC-4FBE-829E-BF0E929AA7C1}.Release|Any CPU.ActiveCfg = Release|Any CPU
		{0B808D20-83CC-4FBE-829E-BF0E929AA7C1}.Release|Any CPU.Build.0 = Release|Any CPU
	EndGlobalSection
	GlobalSection(SolutionProperties) = preSolution
		HideSolutionNode = FALSE
	EndGlobalSection
	GlobalSection(ExtensibilityGlobals) = postSolution
		SolutionGuid = {89AD23A9-555A-4CF7-A69A-363848B0011A}
	EndGlobalSection
EndGlobal
